// !$*UTF8*$!
{
	archiveVersion = 1;
	classes = {
	};
	objectVersion = 56;
	objects = {

/* Begin PBXBuildFile section */
		1BA203852C5F705D00C23FD8 /* main.swift in Sources */ = {isa = PBXBuildFile; fileRef = 1BA203842C5F705D00C23FD8 /* main.swift */; };
		1BA2038D2C5F708600C23FD8 /* day1_part1.swift in Sources */ = {isa = PBXBuildFile; fileRef = 1BA2038C2C5F708600C23FD8 /* day1_part1.swift */; };
		1BA2038F2C5F708D00C23FD8 /* day1_part2.swift in Sources */ = {isa = PBXBuildFile; fileRef = 1BA2038E2C5F708D00C23FD8 /* day1_part2.swift */; };
		1BA203932C5F75F800C23FD8 /* day2_part1.swift in Sources */ = {isa = PBXBuildFile; fileRef = 1BA203922C5F75F800C23FD8 /* day2_part1.swift */; };
		1BA203962C5F81C200C23FD8 /* day2_part2.swift in Sources */ = {isa = PBXBuildFile; fileRef = 1BA203952C5F81C200C23FD8 /* day2_part2.swift */; };
		1BA203992C6156AC00C23FD8 /* day3_part1.swift in Sources */ = {isa = PBXBuildFile; fileRef = 1BA203982C6156AC00C23FD8 /* day3_part1.swift */; };
/* End PBXBuildFile section */

/* Begin PBXCopyFilesBuildPhase section */
		1BA2037F2C5F705D00C23FD8 /* CopyFiles */ = {
			isa = PBXCopyFilesBuildPhase;
			buildActionMask = 2147483647;
			dstPath = /usr/share/man/man1/;
			dstSubfolderSpec = 0;
			files = (
			);
			runOnlyForDeploymentPostprocessing = 1;
		};
/* End PBXCopyFilesBuildPhase section */

/* Begin PBXFileReference section */
		1BA203812C5F705D00C23FD8 /* advent-of-code-2023 */ = {isa = PBXFileReference; explicitFileType = "compiled.mach-o.executable"; includeInIndex = 0; path = "advent-of-code-2023"; sourceTree = BUILT_PRODUCTS_DIR; };
		1BA203842C5F705D00C23FD8 /* main.swift */ = {isa = PBXFileReference; lastKnownFileType = sourcecode.swift; path = main.swift; sourceTree = "<group>"; };
		1BA2038C2C5F708600C23FD8 /* day1_part1.swift */ = {isa = PBXFileReference; lastKnownFileType = sourcecode.swift; path = day1_part1.swift; sourceTree = "<group>"; };
		1BA2038E2C5F708D00C23FD8 /* day1_part2.swift */ = {isa = PBXFileReference; lastKnownFileType = sourcecode.swift; path = day1_part2.swift; sourceTree = "<group>"; };
		1BA203902C5F709D00C23FD8 /* input.txt */ = {isa = PBXFileReference; lastKnownFileType = text; path = input.txt; sourceTree = "<group>"; };
		1BA203922C5F75F800C23FD8 /* day2_part1.swift */ = {isa = PBXFileReference; lastKnownFileType = sourcecode.swift; path = day2_part1.swift; sourceTree = "<group>"; };
		1BA203942C5F760200C23FD8 /* input.txt */ = {isa = PBXFileReference; lastKnownFileType = text; path = input.txt; sourceTree = "<group>"; };
		1BA203952C5F81C200C23FD8 /* day2_part2.swift */ = {isa = PBXFileReference; lastKnownFileType = sourcecode.swift; path = day2_part2.swift; sourceTree = "<group>"; };
		1BA203982C6156AC00C23FD8 /* day3_part1.swift */ = {isa = PBXFileReference; lastKnownFileType = sourcecode.swift; path = day3_part1.swift; sourceTree = "<group>"; };
		1BA2039A2C6156B900C23FD8 /* input.txt */ = {isa = PBXFileReference; lastKnownFileType = text; path = input.txt; sourceTree = "<group>"; };
/* End PBXFileReference section */

/* Begin PBXFrameworksBuildPhase section */
		1BA2037E2C5F705D00C23FD8 /* Frameworks */ = {
			isa = PBXFrameworksBuildPhase;
			buildActionMask = 2147483647;
			files = (
			);
			runOnlyForDeploymentPostprocessing = 0;
		};
/* End PBXFrameworksBuildPhase section */

/* Begin PBXGroup section */
		1BA203782C5F705D00C23FD8 = {
			isa = PBXGroup;
			children = (
				1BA203832C5F705D00C23FD8 /* advent-of-code-2023 */,
				1BA203822C5F705D00C23FD8 /* Products */,
			);
			sourceTree = "<group>";
		};
		1BA203822C5F705D00C23FD8 /* Products */ = {
			isa = PBXGroup;
			children = (
				1BA203812C5F705D00C23FD8 /* advent-of-code-2023 */,
			);
			name = Products;
			sourceTree = "<group>";
		};
		1BA203832C5F705D00C23FD8 /* advent-of-code-2023 */ = {
			isa = PBXGroup;
			children = (
				1BA2038B2C5F706700C23FD8 /* day1 */,
				1BA203912C5F75E200C23FD8 /* day2 */,
				1BA203972C61567100C23FD8 /* day3 */,
				1BA203842C5F705D00C23FD8 /* main.swift */,
			);
			path = "advent-of-code-2023";
			sourceTree = "<group>";
		};
		1BA2038B2C5F706700C23FD8 /* day1 */ = {
			isa = PBXGroup;
			children = (
				1BA2038C2C5F708600C23FD8 /* day1_part1.swift */,
				1BA2038E2C5F708D00C23FD8 /* day1_part2.swift */,
				1BA203902C5F709D00C23FD8 /* input.txt */,
			);
			path = day1;
			sourceTree = "<group>";
		};
		1BA203912C5F75E200C23FD8 /* day2 */ = {
			isa = PBXGroup;
			children = (
				1BA203922C5F75F800C23FD8 /* day2_part1.swift */,
				1BA203952C5F81C200C23FD8 /* day2_part2.swift */,
				1BA203942C5F760200C23FD8 /* input.txt */,
			);
			path = day2;
			sourceTree = "<group>";
		};
		1BA203972C61567100C23FD8 /* day3 */ = {
			isa = PBXGroup;
			children = (
				1BA203982C6156AC00C23FD8 /* day3_part1.swift */,
				1BA2039A2C6156B900C23FD8 /* input.txt */,
			);
			path = day3;
			sourceTree = "<group>";
		};
/* End PBXGroup section */

/* Begin PBXNativeTarget section */
		1BA203802C5F705D00C23FD8 /* advent-of-code-2023 */ = {
			isa = PBXNativeTarget;
			buildConfigurationList = 1BA203882C5F705D00C23FD8 /* Build configuration list for PBXNativeTarget "advent-of-code-2023" */;
			buildPhases = (
				1BA2037D2C5F705D00C23FD8 /* Sources */,
				1BA2037E2C5F705D00C23FD8 /* Frameworks */,
				1BA2037F2C5F705D00C23FD8 /* CopyFiles */,
			);
			buildRules = (
			);
			dependencies = (
			);
			name = "advent-of-code-2023";
			productName = "advent-of-code-2023";
			productReference = 1BA203812C5F705D00C23FD8 /* advent-of-code-2023 */;
			productType = "com.apple.product-type.tool";
		};
/* End PBXNativeTarget section */

/* Begin PBXProject section */
		1BA203792C5F705D00C23FD8 /* Project object */ = {
			isa = PBXProject;
			attributes = {
				BuildIndependentTargetsInParallel = 1;
				LastSwiftUpdateCheck = 1540;
				LastUpgradeCheck = 1540;
				TargetAttributes = {
					1BA203802C5F705D00C23FD8 = {
						CreatedOnToolsVersion = 15.4;
					};
				};
			};
			buildConfigurationList = 1BA2037C2C5F705D00C23FD8 /* Build configuration list for PBXProject "advent-of-code-2023" */;
			compatibilityVersion = "Xcode 14.0";
			developmentRegion = en;
			hasScannedForEncodings = 0;
			knownRegions = (
				en,
				Base,
			);
			mainGroup = 1BA203782C5F705D00C23FD8;
			productRefGroup = 1BA203822C5F705D00C23FD8 /* Products */;
			projectDirPath = "";
			projectRoot = "";
			targets = (
				1BA203802C5F705D00C23FD8 /* advent-of-code-2023 */,
			);
		};
/* End PBXProject section */

/* Begin PBXSourcesBuildPhase section */
		1BA2037D2C5F705D00C23FD8 /* Sources */ = {
			isa = PBXSourcesBuildPhase;
			buildActionMask = 2147483647;
			files = (
				1BA203962C5F81C200C23FD8 /* day2_part2.swift in Sources */,
				1BA2038F2C5F708D00C23FD8 /* day1_part2.swift in Sources */,
				1BA203852C5F705D00C23FD8 /* main.swift in Sources */,
				1BA203932C5F75F800C23FD8 /* day2_part1.swift in Sources */,
				1BA2038D2C5F708600C23FD8 /* day1_part1.swift in Sources */,
				1BA203992C6156AC00C23FD8 /* day3_part1.swift in Sources */,
			);
			runOnlyForDeploymentPostprocessing = 0;
		};
/* End PBXSourcesBuildPhase section */

/* Begin XCBuildConfiguration section */
		1BA203862C5F705D00C23FD8 /* Debug */ = {
			isa = XCBuildConfiguration;
			buildSettings = {
				ALWAYS_SEARCH_USER_PATHS = NO;
				ASSETCATALOG_COMPILER_GENERATE_SWIFT_ASSET_SYMBOL_EXTENSIONS = YES;
				CLANG_ANALYZER_NONNULL = YES;
				CLANG_ANALYZER_NUMBER_OBJECT_CONVERSION = YES_AGGRESSIVE;
				CLANG_CXX_LANGUAGE_STANDARD = "gnu++20";
				CLANG_ENABLE_MODULES = YES;
				CLANG_ENABLE_OBJC_ARC = YES;
				CLANG_ENABLE_OBJC_WEAK = YES;
				CLANG_WARN_BLOCK_CAPTURE_AUTORELEASING = YES;
				CLANG_WARN_BOOL_CONVERSION = YES;
				CLANG_WARN_COMMA = YES;
				CLANG_WARN_CONSTANT_CONVERSION = YES;
				CLANG_WARN_DEPRECATED_OBJC_IMPLEMENTATIONS = YES;
				CLANG_WARN_DIRECT_OBJC_ISA_USAGE = YES_ERROR;
				CLANG_WARN_DOCUMENTATION_COMMENTS = YES;
				CLANG_WARN_EMPTY_BODY = YES;
				CLANG_WARN_ENUM_CONVERSION = YES;
				CLANG_WARN_INFINITE_RECURSION = YES;
				CLANG_WARN_INT_CONVERSION = YES;
				CLANG_WARN_NON_LITERAL_NULL_CONVERSION = YES;
				CLANG_WARN_OBJC_IMPLICIT_RETAIN_SELF = YES;
				CLANG_WARN_OBJC_LITERAL_CONVERSION = YES;
				CLANG_WARN_OBJC_ROOT_CLASS = YES_ERROR;
				CLANG_WARN_QUOTED_INCLUDE_IN_FRAMEWORK_HEADER = YES;
				CLANG_WARN_RANGE_LOOP_ANALYSIS = YES;
				CLANG_WARN_STRICT_PROTOTYPES = YES;
				CLANG_WARN_SUSPICIOUS_MOVE = YES;
				CLANG_WARN_UNGUARDED_AVAILABILITY = YES_AGGRESSIVE;
				CLANG_WARN_UNREACHABLE_CODE = YES;
				CLANG_WARN__DUPLICATE_METHOD_MATCH = YES;
				COPY_PHASE_STRIP = NO;
				DEBUG_INFORMATION_FORMAT = dwarf;
				ENABLE_STRICT_OBJC_MSGSEND = YES;
				ENABLE_TESTABILITY = YES;
				ENABLE_USER_SCRIPT_SANDBOXING = YES;
				GCC_C_LANGUAGE_STANDARD = gnu17;
				GCC_DYNAMIC_NO_PIC = NO;
				GCC_NO_COMMON_BLOCKS = YES;
				GCC_OPTIMIZATION_LEVEL = 0;
				GCC_PREPROCESSOR_DEFINITIONS = (
					"DEBUG=1",
					"$(inherited)",
				);
				GCC_WARN_64_TO_32_BIT_CONVERSION = YES;
				GCC_WARN_ABOUT_RETURN_TYPE = YES_ERROR;
				GCC_WARN_UNDECLARED_SELECTOR = YES;
				GCC_WARN_UNINITIALIZED_AUTOS = YES_AGGRESSIVE;
				GCC_WARN_UNUSED_FUNCTION = YES;
				GCC_WARN_UNUSED_VARIABLE = YES;
				LOCALIZATION_PREFERS_STRING_CATALOGS = YES;
				MACOSX_DEPLOYMENT_TARGET = 14.5;
				MTL_ENABLE_DEBUG_INFO = INCLUDE_SOURCE;
				MTL_FAST_MATH = YES;
				ONLY_ACTIVE_ARCH = YES;
				SDKROOT = macosx;
				SWIFT_ACTIVE_COMPILATION_CONDITIONS = "DEBUG $(inherited)";
				SWIFT_OPTIMIZATION_LEVEL = "-Onone";
			};
			name = Debug;
		};
		1BA203872C5F705D00C23FD8 /* Release */ = {
			isa = XCBuildConfiguration;
			buildSettings = {
				ALWAYS_SEARCH_USER_PATHS = NO;
				ASSETCATALOG_COMPILER_GENERATE_SWIFT_ASSET_SYMBOL_EXTENSIONS = YES;
				CLANG_ANALYZER_NONNULL = YES;
				CLANG_ANALYZER_NUMBER_OBJECT_CONVERSION = YES_AGGRESSIVE;
				CLANG_CXX_LANGUAGE_STANDARD = "gnu++20";
				CLANG_ENABLE_MODULES = YES;
				CLANG_ENABLE_OBJC_ARC = YES;
				CLANG_ENABLE_OBJC_WEAK = YES;
				CLANG_WARN_BLOCK_CAPTURE_AUTORELEASING = YES;
				CLANG_WARN_BOOL_CONVERSION = YES;
				CLANG_WARN_COMMA = YES;
				CLANG_WARN_CONSTANT_CONVERSION = YES;
				CLANG_WARN_DEPRECATED_OBJC_IMPLEMENTATIONS = YES;
				CLANG_WARN_DIRECT_OBJC_ISA_USAGE = YES_ERROR;
				CLANG_WARN_DOCUMENTATION_COMMENTS = YES;
				CLANG_WARN_EMPTY_BODY = YES;
				CLANG_WARN_ENUM_CONVERSION = YES;
				CLANG_WARN_INFINITE_RECURSION = YES;
				CLANG_WARN_INT_CONVERSION = YES;
				CLANG_WARN_NON_LITERAL_NULL_CONVERSION = YES;
				CLANG_WARN_OBJC_IMPLICIT_RETAIN_SELF = YES;
				CLANG_WARN_OBJC_LITERAL_CONVERSION = YES;
				CLANG_WARN_OBJC_ROOT_CLASS = YES_ERROR;
				CLANG_WARN_QUOTED_INCLUDE_IN_FRAMEWORK_HEADER = YES;
				CLANG_WARN_RANGE_LOOP_ANALYSIS = YES;
				CLANG_WARN_STRICT_PROTOTYPES = YES;
				CLANG_WARN_SUSPICIOUS_MOVE = YES;
				CLANG_WARN_UNGUARDED_AVAILABILITY = YES_AGGRESSIVE;
				CLANG_WARN_UNREACHABLE_CODE = YES;
				CLANG_WARN__DUPLICATE_METHOD_MATCH = YES;
				COPY_PHASE_STRIP = NO;
				DEBUG_INFORMATION_FORMAT = "dwarf-with-dsym";
				ENABLE_NS_ASSERTIONS = NO;
				ENABLE_STRICT_OBJC_MSGSEND = YES;
				ENABLE_USER_SCRIPT_SANDBOXING = YES;
				GCC_C_LANGUAGE_STANDARD = gnu17;
				GCC_NO_COMMON_BLOCKS = YES;
				GCC_WARN_64_TO_32_BIT_CONVERSION = YES;
				GCC_WARN_ABOUT_RETURN_TYPE = YES_ERROR;
				GCC_WARN_UNDECLARED_SELECTOR = YES;
				GCC_WARN_UNINITIALIZED_AUTOS = YES_AGGRESSIVE;
				GCC_WARN_UNUSED_FUNCTION = YES;
				GCC_WARN_UNUSED_VARIABLE = YES;
				LOCALIZATION_PREFERS_STRING_CATALOGS = YES;
				MACOSX_DEPLOYMENT_TARGET = 14.5;
				MTL_ENABLE_DEBUG_INFO = NO;
				MTL_FAST_MATH = YES;
				SDKROOT = macosx;
				SWIFT_COMPILATION_MODE = wholemodule;
			};
			name = Release;
		};
		1BA203892C5F705D00C23FD8 /* Debug */ = {
			isa = XCBuildConfiguration;
			buildSettings = {
				CODE_SIGN_STYLE = Automatic;
				DEVELOPMENT_TEAM = 95RD7T8BV7;
				ENABLE_HARDENED_RUNTIME = YES;
				PRODUCT_NAME = "$(TARGET_NAME)";
				SWIFT_VERSION = 5.0;
			};
			name = Debug;
		};
		1BA2038A2C5F705D00C23FD8 /* Release */ = {
			isa = XCBuildConfiguration;
			buildSettings = {
				CODE_SIGN_STYLE = Automatic;
				DEVELOPMENT_TEAM = 95RD7T8BV7;
				ENABLE_HARDENED_RUNTIME = YES;
				PRODUCT_NAME = "$(TARGET_NAME)";
				SWIFT_VERSION = 5.0;
			};
			name = Release;
		};
/* End XCBuildConfiguration section */

/* Begin XCConfigurationList section */
		1BA2037C2C5F705D00C23FD8 /* Build configuration list for PBXProject "advent-of-code-2023" */ = {
			isa = XCConfigurationList;
			buildConfigurations = (
				1BA203862C5F705D00C23FD8 /* Debug */,
				1BA203872C5F705D00C23FD8 /* Release */,
			);
			defaultConfigurationIsVisible = 0;
			defaultConfigurationName = Release;
		};
		1BA203882C5F705D00C23FD8 /* Build configuration list for PBXNativeTarget "advent-of-code-2023" */ = {
			isa = XCConfigurationList;
			buildConfigurations = (
				1BA203892C5F705D00C23FD8 /* Debug */,
				1BA2038A2C5F705D00C23FD8 /* Release */,
			);
			defaultConfigurationIsVisible = 0;
			defaultConfigurationName = Release;
		};
/* End XCConfigurationList section */
	};
	rootObject = 1BA203792C5F705D00C23FD8 /* Project object */;
}
